
Microsoft Visual Studio Solution File, Format Version 12.00
# Visual Studio Version 16
VisualStudioVersion = 16.0.32228.343
MinimumVisualStudioVersion = 10.0.40219.1
Project("{FAE04EC0-301F-11D3-BF4B-00C04F79EFBC}") = "AdventOfCode", "AdventOfCode\AdventOfCode.csproj", "{A3DC31F4-75F6-452F-9316-BF178F1B4889}"
EndProject
Global
	GlobalSection(SolutionConfigurationPlatforms) = preSolution
		Debug|Any CPU = Debug|Any CPU
		Release|Any CPU = Release|Any CPU
	EndGlobalSection
	GlobalSection(ProjectConfigurationPlatforms) = postSolution
		{A3DC31F4-75F6-452F-9316-BF178F1B4889}.Debug|Any CPU.ActiveCfg = Debug|Any CPU
		{A3DC31F4-75F6-452F-9316-BF178F1B4889}.Debug|Any CPU.Build.0 = Debug|Any CPU
		{A3DC31F4-75F6-452F-9316-BF178F1B4889}.Release|Any CPU.ActiveCfg = Release|Any CPU
		{A3DC31F4-75F6-452F-9316-BF178F1B4889}.Release|Any CPU.Build.0 = Release|Any CPU
	EndGlobalSection
	GlobalSection(SolutionProperties) = preSolution
		HideSolutionNode = FALSE
	EndGlobalSection
	GlobalSection(ExtensibilityGlobals) = postSolution
		SolutionGuid = {4CECFE06-E8AA-454D-AE6B-A9357EEEA08F}
	EndGlobalSection
EndGlobal
